<?xml version="1.0" encoding="utf-8"?>
<Project ToolsVersion="4.0" xmlns="http://schemas.microsoft.com/developer/msbuild/2003">
  <ItemGroup>
    <Filter Include="リソース ファイル">
      <UniqueIdentifier>{67DA6AB6-F800-4c08-8B7A-83BB121AAD01}</UniqueIdentifier>
      <Extensions>rc;ico;cur;bmp;dlg;rc2;rct;bin;rgs;gif;jpg;jpeg;jpe;resx;tiff;tif;png;wav;mfcribbon-ms</Extensions>
    </Filter>
    <Filter Include="source">
      <UniqueIdentifier>{4b75ffd8-c779-476b-9366-cd0fc71ecf4a}</UniqueIdentifier>
    </Filter>
  </ItemGroup>
  <ItemGroup>
    <ClInclude Include="TestWebSocketChatGuiDlg.h" />
    <ClInclude Include="Resource.h" />
    <ClInclude Include="stdafx.h" />
    <ClInclude Include="targetver.h" />
    <ClInclude Include="TestWebSocketChatGui.h" />
    <ClInclude Include="..\source\Thread.h">
      <Filter>source</Filter>
    </ClInclude>
    <ClInclude Include="..\source\ChatServer.h">
      <Filter>source</Filter>
    </ClInclude>
    <ClInclude Include="..\source\WebSocket.h">
      <Filter>source</Filter>
    </ClInclude>
  </ItemGroup>
  <ItemGroup>
    <ClCompile Include="TestWebSocketChatGuiDlg.cpp" />
    <ClCompile Include="TestWebSocketChatGui.cpp" />
    <ClCompile Include="stdafx.cpp" />
  </ItemGroup>
  <ItemGroup>
    <ResourceCompile Include="TestWebSocketChatGui.rc">
      <Filter>リソース ファイル</Filter>
    </ResourceCompile>
  </ItemGroup>
  <ItemGroup>
    <None Include="res\TestWebSocketChatGui.rc2">
      <Filter>リソース ファイル</Filter>
    </None>
  </ItemGroup>
  <ItemGroup>
    <Image Include="res\TestWebSocketChatGui.ico">
      <Filter>リソース ファイル</Filter>
    </Image>
  </ItemGroup>
</Project>